
Microsoft Visual Studio Solution File, Format Version 12.00
# Visual Studio 15
VisualStudioVersion = 15.0.28010.0
MinimumVisualStudioVersion = 10.0.40219.1
Project("{FAE04EC0-301F-11D3-BF4B-00C04F79EFBC}") = "MessageBoardBackend", "MessageBoardBackend\MessageBoardBackend.csproj", "{4A5E48AB-763C-4440-AE71-47B24C882A2A}"
EndProject
Global
	GlobalSection(SolutionConfigurationPlatforms) = preSolution
		Debug|Any CPU = Debug|Any CPU
		Release|Any CPU = Release|Any CPU
	EndGlobalSection
	GlobalSection(ProjectConfigurationPlatforms) = postSolution
		{4A5E48AB-763C-4440-AE71-47B24C882A2A}.Debug|Any CPU.ActiveCfg = Debug|Any CPU
		{4A5E48AB-763C-4440-AE71-47B24C882A2A}.Debug|Any CPU.Build.0 = Debug|Any CPU
		{4A5E48AB-763C-4440-AE71-47B24C882A2A}.Release|Any CPU.ActiveCfg = Release|Any CPU
		{4A5E48AB-763C-4440-AE71-47B24C882A2A}.Release|Any CPU.Build.0 = Release|Any CPU
	EndGlobalSection
	GlobalSection(SolutionProperties) = preSolution
		HideSolutionNode = FALSE
	EndGlobalSection
	GlobalSection(ExtensibilityGlobals) = postSolution
		SolutionGuid = {9365274E-554C-419D-9205-A6DD2975FE8A}
	EndGlobalSection
EndGlobal
